
Microsoft Visual Studio Solution File, Format Version 12.00
# Visual Studio Version 17
VisualStudioVersion = 17.0.31919.166
MinimumVisualStudioVersion = 10.0.40219.1
Project("{8BC9CEB8-8B4A-11D0-8D11-00A0C91BC942}") = "day1", "2021\day1\day1.vcxproj", "{86AA2B2C-3F62-4591-B5A1-785C290734BD}"
EndProject
Project("{8BC9CEB8-8B4A-11D0-8D11-00A0C91BC942}") = "day2", "2021\day2\day2.vcxproj", "{9FC7A9F8-CB32-4CFB-BE44-6F50F875752D}"
EndProject
Project("{8BC9CEB8-8B4A-11D0-8D11-00A0C91BC942}") = "day3", "2021\day3\day3.vcxproj", "{9D87D014-B662-4321-A0CB-0D2FE8B90F59}"
EndProject
Project("{8BC9CEB8-8B4A-11D0-8D11-00A0C91BC942}") = "day4", "2021\day4\day4.vcxproj", "{F07F37BB-997C-49A1-B985-2B2A8A4CE586}"
EndProject
Project("{8BC9CEB8-8B4A-11D0-8D11-00A0C91BC942}") = "day5", "2021\day5\day5.vcxproj", "{8ABACA06-2FA1-48A9-B81C-25FCA2044217}"
EndProject
Project("{8BC9CEB8-8B4A-11D0-8D11-00A0C91BC942}") = "day6", "2021\day6\day6.vcxproj", "{BCDFA9B2-64F6-4707-A337-3D0FA1EFB05E}"
EndProject
Project("{8BC9CEB8-8B4A-11D0-8D11-00A0C91BC942}") = "day7", "2021\day7\day7.vcxproj", "{DD466170-5A65-4798-9FC3-6794D3333834}"
EndProject
Project("{8BC9CEB8-8B4A-11D0-8D11-00A0C91BC942}") = "day8", "2021\day8\day8.vcxproj", "{F017337C-BC5A-40DB-9131-325DD7F97B5B}"
EndProject
Project("{8BC9CEB8-8B4A-11D0-8D11-00A0C91BC942}") = "day9", "2021\day9\day9.vcxproj", "{3DDD2818-BC35-4403-9FDA-1B1975CF0AF6}"
EndProject
Project("{8BC9CEB8-8B4A-11D0-8D11-00A0C91BC942}") = "day10", "2021\day10\day10.vcxproj", "{C0731B24-F9B8-4DCC-BA29-C16ED97E2FC6}"
EndProject
Global
	GlobalSection(SolutionConfigurationPlatforms) = preSolution
		Debug|x64 = Debug|x64
		Debug|x86 = Debug|x86
		Release|x64 = Release|x64
		Release|x86 = Release|x86
	EndGlobalSection
	GlobalSection(ProjectConfigurationPlatforms) = postSolution
		{86AA2B2C-3F62-4591-B5A1-785C290734BD}.Debug|x64.ActiveCfg = Debug|x64
		{86AA2B2C-3F62-4591-B5A1-785C290734BD}.Debug|x64.Build.0 = Debug|x64
		{86AA2B2C-3F62-4591-B5A1-785C290734BD}.Debug|x86.ActiveCfg = Debug|Win32
		{86AA2B2C-3F62-4591-B5A1-785C290734BD}.Debug|x86.Build.0 = Debug|Win32
		{86AA2B2C-3F62-4591-B5A1-785C290734BD}.Release|x64.ActiveCfg = Release|x64
		{86AA2B2C-3F62-4591-B5A1-785C290734BD}.Release|x64.Build.0 = Release|x64
		{86AA2B2C-3F62-4591-B5A1-785C290734BD}.Release|x86.ActiveCfg = Release|Win32
		{86AA2B2C-3F62-4591-B5A1-785C290734BD}.Release|x86.Build.0 = Release|Win32
		{9FC7A9F8-CB32-4CFB-BE44-6F50F875752D}.Debug|x64.ActiveCfg = Debug|x64
		{9FC7A9F8-CB32-4CFB-BE44-6F50F875752D}.Debug|x64.Build.0 = Debug|x64
		{9FC7A9F8-CB32-4CFB-BE44-6F50F875752D}.Debug|x86.ActiveCfg = Debug|Win32
		{9FC7A9F8-CB32-4CFB-BE44-6F50F875752D}.Debug|x86.Build.0 = Debug|Win32
		{9FC7A9F8-CB32-4CFB-BE44-6F50F875752D}.Release|x64.ActiveCfg = Release|x64
		{9FC7A9F8-CB32-4CFB-BE44-6F50F875752D}.Release|x64.Build.0 = Release|x64
		{9FC7A9F8-CB32-4CFB-BE44-6F50F875752D}.Release|x86.ActiveCfg = Release|Win32
		{9FC7A9F8-CB32-4CFB-BE44-6F50F875752D}.Release|x86.Build.0 = Release|Win32
		{9D87D014-B662-4321-A0CB-0D2FE8B90F59}.Debug|x64.ActiveCfg = Debug|x64
		{9D87D014-B662-4321-A0CB-0D2FE8B90F59}.Debug|x64.Build.0 = Debug|x64
		{9D87D014-B662-4321-A0CB-0D2FE8B90F59}.Debug|x86.ActiveCfg = Debug|Win32
		{9D87D014-B662-4321-A0CB-0D2FE8B90F59}.Debug|x86.Build.0 = Debug|Win32
		{9D87D014-B662-4321-A0CB-0D2FE8B90F59}.Release|x64.ActiveCfg = Release|x64
		{9D87D014-B662-4321-A0CB-0D2FE8B90F59}.Release|x64.Build.0 = Release|x64
		{9D87D014-B662-4321-A0CB-0D2FE8B90F59}.Release|x86.ActiveCfg = Release|Win32
		{9D87D014-B662-4321-A0CB-0D2FE8B90F59}.Release|x86.Build.0 = Release|Win32
		{F07F37BB-997C-49A1-B985-2B2A8A4CE586}.Debug|x64.ActiveCfg = Debug|x64
		{F07F37BB-997C-49A1-B985-2B2A8A4CE586}.Debug|x64.Build.0 = Debug|x64
		{F07F37BB-997C-49A1-B985-2B2A8A4CE586}.Debug|x86.ActiveCfg = Debug|Win32
		{F07F37BB-997C-49A1-B985-2B2A8A4CE586}.Debug|x86.Build.0 = Debug|Win32
		{F07F37BB-997C-49A1-B985-2B2A8A4CE586}.Release|x64.ActiveCfg = Release|x64
		{F07F37BB-997C-49A1-B985-2B2A8A4CE586}.Release|x64.Build.0 = Release|x64
		{F07F37BB-997C-49A1-B985-2B2A8A4CE586}.Release|x86.ActiveCfg = Release|Win32
		{F07F37BB-997C-49A1-B985-2B2A8A4CE586}.Release|x86.Build.0 = Release|Win32
		{8ABACA06-2FA1-48A9-B81C-25FCA2044217}.Debug|x64.ActiveCfg = Debug|x64
		{8ABACA06-2FA1-48A9-B81C-25FCA2044217}.Debug|x64.Build.0 = Debug|x64
		{8ABACA06-2FA1-48A9-B81C-25FCA2044217}.Debug|x86.ActiveCfg = Debug|Win32
		{8ABACA06-2FA1-48A9-B81C-25FCA2044217}.Debug|x86.Build.0 = Debug|Win32
		{8ABACA06-2FA1-48A9-B81C-25FCA2044217}.Release|x64.ActiveCfg = Release|x64
		{8ABACA06-2FA1-48A9-B81C-25FCA2044217}.Release|x64.Build.0 = Release|x64
		{8ABACA06-2FA1-48A9-B81C-25FCA2044217}.Release|x86.ActiveCfg = Release|Win32
		{8ABACA06-2FA1-48A9-B81C-25FCA2044217}.Release|x86.Build.0 = Release|Win32
		{BCDFA9B2-64F6-4707-A337-3D0FA1EFB05E}.Debug|x64.ActiveCfg = Debug|x64
		{BCDFA9B2-64F6-4707-A337-3D0FA1EFB05E}.Debug|x64.Build.0 = Debug|x64
		{BCDFA9B2-64F6-4707-A337-3D0FA1EFB05E}.Debug|x86.ActiveCfg = Debug|Win32
		{BCDFA9B2-64F6-4707-A337-3D0FA1EFB05E}.Debug|x86.Build.0 = Debug|Win32
		{BCDFA9B2-64F6-4707-A337-3D0FA1EFB05E}.Release|x64.ActiveCfg = Release|x64
		{BCDFA9B2-64F6-4707-A337-3D0FA1EFB05E}.Release|x64.Build.0 = Release|x64
		{BCDFA9B2-64F6-4707-A337-3D0FA1EFB05E}.Release|x86.ActiveCfg = Release|Win32
		{BCDFA9B2-64F6-4707-A337-3D0FA1EFB05E}.Release|x86.Build.0 = Release|Win32
		{DD466170-5A65-4798-9FC3-6794D3333834}.Debug|x64.ActiveCfg = Debug|x64
		{DD466170-5A65-4798-9FC3-6794D3333834}.Debug|x64.Build.0 = Debug|x64
		{DD466170-5A65-4798-9FC3-6794D3333834}.Debug|x86.ActiveCfg = Debug|Win32
		{DD466170-5A65-4798-9FC3-6794D3333834}.Debug|x86.Build.0 = Debug|Win32
		{DD466170-5A65-4798-9FC3-6794D3333834}.Release|x64.ActiveCfg = Release|x64
		{DD466170-5A65-4798-9FC3-6794D3333834}.Release|x64.Build.0 = Release|x64
		{DD466170-5A65-4798-9FC3-6794D3333834}.Release|x86.ActiveCfg = Release|Win32
		{DD466170-5A65-4798-9FC3-6794D3333834}.Release|x86.Build.0 = Release|Win32
		{F017337C-BC5A-40DB-9131-325DD7F97B5B}.Debug|x64.ActiveCfg = Debug|x64
		{F017337C-BC5A-40DB-9131-325DD7F97B5B}.Debug|x64.Build.0 = Debug|x64
		{F017337C-BC5A-40DB-9131-325DD7F97B5B}.Debug|x86.ActiveCfg = Debug|Win32
		{F017337C-BC5A-40DB-9131-325DD7F97B5B}.Debug|x86.Build.0 = Debug|Win32
		{F017337C-BC5A-40DB-9131-325DD7F97B5B}.Release|x64.ActiveCfg = Release|x64
		{F017337C-BC5A-40DB-9131-325DD7F97B5B}.Release|x64.Build.0 = Release|x64
		{F017337C-BC5A-40DB-9131-325DD7F97B5B}.Release|x86.ActiveCfg = Release|Win32
		{F017337C-BC5A-40DB-9131-325DD7F97B5B}.Release|x86.Build.0 = Release|Win32
		{3DDD2818-BC35-4403-9FDA-1B1975CF0AF6}.Debug|x64.ActiveCfg = Debug|x64
		{3DDD2818-BC35-4403-9FDA-1B1975CF0AF6}.Debug|x64.Build.0 = Debug|x64
		{3DDD2818-BC35-4403-9FDA-1B1975CF0AF6}.Debug|x86.ActiveCfg = Debug|Win32
		{3DDD2818-BC35-4403-9FDA-1B1975CF0AF6}.Debug|x86.Build.0 = Debug|Win32
		{3DDD2818-BC35-4403-9FDA-1B1975CF0AF6}.Release|x64.ActiveCfg = Release|x64
		{3DDD2818-BC35-4403-9FDA-1B1975CF0AF6}.Release|x64.Build.0 = Release|x64
		{3DDD2818-BC35-4403-9FDA-1B1975CF0AF6}.Release|x86.ActiveCfg = Release|Win32
		{3DDD2818-BC35-4403-9FDA-1B1975CF0AF6}.Release|x86.Build.0 = Release|Win32
		{C0731B24-F9B8-4DCC-BA29-C16ED97E2FC6}.Debug|x64.ActiveCfg = Debug|x64
		{C0731B24-F9B8-4DCC-BA29-C16ED97E2FC6}.Debug|x64.Build.0 = Debug|x64
		{C0731B24-F9B8-4DCC-BA29-C16ED97E2FC6}.Debug|x86.ActiveCfg = Debug|Win32
		{C0731B24-F9B8-4DCC-BA29-C16ED97E2FC6}.Debug|x86.Build.0 = Debug|Win32
		{C0731B24-F9B8-4DCC-BA29-C16ED97E2FC6}.Release|x64.ActiveCfg = Release|x64
		{C0731B24-F9B8-4DCC-BA29-C16ED97E2FC6}.Release|x64.Build.0 = Release|x64
		{C0731B24-F9B8-4DCC-BA29-C16ED97E2FC6}.Release|x86.ActiveCfg = Release|Win32
		{C0731B24-F9B8-4DCC-BA29-C16ED97E2FC6}.Release|x86.Build.0 = Release|Win32
	EndGlobalSection
	GlobalSection(SolutionProperties) = preSolution
		HideSolutionNode = FALSE
	EndGlobalSection
	GlobalSection(ExtensibilityGlobals) = postSolution
		SolutionGuid = {61E2D24C-E626-4905-9EB5-81B86BD88696}
	EndGlobalSection
EndGlobal
